
Microsoft Visual Studio Solution File, Format Version 12.00
Project("{FAE04EC0-301F-11D3-BF4B-00C04F79EFBC}") = "FootballStats.WebApi", "FootballStats.WebApi\FootballStats.WebApi.csproj", "{7E4EDA28-7D14-453B-BA41-9747BACE67BA}"
EndProject
Project("{FAE04EC0-301F-11D3-BF4B-00C04F79EFBC}") = "FootballStats.WebMvc", "FootballStats.WebMvc\FootballStats.WebMvc.csproj", "{82145307-CFEC-49E8-A982-BC76AA5D4367}"
EndProject
Project("{2150E333-8FDC-42A3-9474-1A3956D46DE8}") = "Layers", "Layers", "{E9977951-A072-491C-846E-B03AEB2A5F0C}"
EndProject
Project("{FAE04EC0-301F-11D3-BF4B-00C04F79EFBC}") = "FootballStats.Domain", "FootballStats.Domain\FootballStats.Domain.csproj", "{FE09C2C0-2A2C-4AE9-84BB-7F52E53058E2}"
EndProject
Project("{FAE04EC0-301F-11D3-BF4B-00C04F79EFBC}") = "FootballStats.Application", "FootballStats.Application\FootballStats.Application.csproj", "{B26DDAC8-D816-438F-8F7C-CA50F01EB253}"
EndProject
Project("{FAE04EC0-301F-11D3-BF4B-00C04F79EFBC}") = "FootballStats.Infrastructure", "FootballStats.Infrastructure\FootballStats.Infrastructure.csproj", "{634399F5-80D3-44F1-A5C7-6C920CEC0BC5}"
EndProject
Project("{FAE04EC0-301F-11D3-BF4B-00C04F79EFBC}") = "FootballStats.Test", "FootballStats.Test\FootballStats.Test.csproj", "{60CCCAB4-1591-4F65-AA72-35A62A92C644}"
EndProject
Global
	GlobalSection(SolutionConfigurationPlatforms) = preSolution
		Debug|Any CPU = Debug|Any CPU
		Release|Any CPU = Release|Any CPU
	EndGlobalSection
	GlobalSection(ProjectConfigurationPlatforms) = postSolution
		{7E4EDA28-7D14-453B-BA41-9747BACE67BA}.Debug|Any CPU.ActiveCfg = Debug|Any CPU
		{7E4EDA28-7D14-453B-BA41-9747BACE67BA}.Debug|Any CPU.Build.0 = Debug|Any CPU
		{7E4EDA28-7D14-453B-BA41-9747BACE67BA}.Release|Any CPU.ActiveCfg = Release|Any CPU
		{7E4EDA28-7D14-453B-BA41-9747BACE67BA}.Release|Any CPU.Build.0 = Release|Any CPU
		{82145307-CFEC-49E8-A982-BC76AA5D4367}.Debug|Any CPU.ActiveCfg = Debug|Any CPU
		{82145307-CFEC-49E8-A982-BC76AA5D4367}.Debug|Any CPU.Build.0 = Debug|Any CPU
		{82145307-CFEC-49E8-A982-BC76AA5D4367}.Release|Any CPU.ActiveCfg = Release|Any CPU
		{82145307-CFEC-49E8-A982-BC76AA5D4367}.Release|Any CPU.Build.0 = Release|Any CPU
		{FE09C2C0-2A2C-4AE9-84BB-7F52E53058E2}.Debug|Any CPU.ActiveCfg = Debug|Any CPU
		{FE09C2C0-2A2C-4AE9-84BB-7F52E53058E2}.Debug|Any CPU.Build.0 = Debug|Any CPU
		{FE09C2C0-2A2C-4AE9-84BB-7F52E53058E2}.Release|Any CPU.ActiveCfg = Release|Any CPU
		{FE09C2C0-2A2C-4AE9-84BB-7F52E53058E2}.Release|Any CPU.Build.0 = Release|Any CPU
		{B26DDAC8-D816-438F-8F7C-CA50F01EB253}.Debug|Any CPU.ActiveCfg = Debug|Any CPU
		{B26DDAC8-D816-438F-8F7C-CA50F01EB253}.Debug|Any CPU.Build.0 = Debug|Any CPU
		{B26DDAC8-D816-438F-8F7C-CA50F01EB253}.Release|Any CPU.ActiveCfg = Release|Any CPU
		{B26DDAC8-D816-438F-8F7C-CA50F01EB253}.Release|Any CPU.Build.0 = Release|Any CPU
		{634399F5-80D3-44F1-A5C7-6C920CEC0BC5}.Debug|Any CPU.ActiveCfg = Debug|Any CPU
		{634399F5-80D3-44F1-A5C7-6C920CEC0BC5}.Debug|Any CPU.Build.0 = Debug|Any CPU
		{634399F5-80D3-44F1-A5C7-6C920CEC0BC5}.Release|Any CPU.ActiveCfg = Release|Any CPU
		{634399F5-80D3-44F1-A5C7-6C920CEC0BC5}.Release|Any CPU.Build.0 = Release|Any CPU
		{60CCCAB4-1591-4F65-AA72-35A62A92C644}.Debug|Any CPU.ActiveCfg = Debug|Any CPU
		{60CCCAB4-1591-4F65-AA72-35A62A92C644}.Debug|Any CPU.Build.0 = Debug|Any CPU
		{60CCCAB4-1591-4F65-AA72-35A62A92C644}.Release|Any CPU.ActiveCfg = Release|Any CPU
		{60CCCAB4-1591-4F65-AA72-35A62A92C644}.Release|Any CPU.Build.0 = Release|Any CPU
	EndGlobalSection
	GlobalSection(NestedProjects) = preSolution
		{FE09C2C0-2A2C-4AE9-84BB-7F52E53058E2} = {E9977951-A072-491C-846E-B03AEB2A5F0C}
		{B26DDAC8-D816-438F-8F7C-CA50F01EB253} = {E9977951-A072-491C-846E-B03AEB2A5F0C}
		{634399F5-80D3-44F1-A5C7-6C920CEC0BC5} = {E9977951-A072-491C-846E-B03AEB2A5F0C}
	EndGlobalSection
EndGlobal
